
Microsoft Visual Studio Solution File, Format Version 12.00
# Visual Studio Version 17
VisualStudioVersion = 17.5.002.0
MinimumVisualStudioVersion = 10.0.40219.1
Project("{9A19103F-16F7-4668-BE54-9A1E7A4F7556}") = "Develop04", "Develop04.csproj", "{4DF8C994-AC7B-4366-8DCF-9CA02D1ABEAA}"
EndProject
Global
	GlobalSection(SolutionConfigurationPlatforms) = preSolution
		Debug|Any CPU = Debug|Any CPU
		Release|Any CPU = Release|Any CPU
	EndGlobalSection
	GlobalSection(ProjectConfigurationPlatforms) = postSolution
		{4DF8C994-AC7B-4366-8DCF-9CA02D1ABEAA}.Debug|Any CPU.ActiveCfg = Debug|Any CPU
		{4DF8C994-AC7B-4366-8DCF-9CA02D1ABEAA}.Debug|Any CPU.Build.0 = Debug|Any CPU
		{4DF8C994-AC7B-4366-8DCF-9CA02D1ABEAA}.Release|Any CPU.ActiveCfg = Release|Any CPU
		{4DF8C994-AC7B-4366-8DCF-9CA02D1ABEAA}.Release|Any CPU.Build.0 = Release|Any CPU
	EndGlobalSection
	GlobalSection(SolutionProperties) = preSolution
		HideSolutionNode = FALSE
	EndGlobalSection
	GlobalSection(ExtensibilityGlobals) = postSolution
		SolutionGuid = {54C8E68F-9406-4911-82E3-FA439893316C}
	EndGlobalSection
EndGlobal
