
Microsoft Visual Studio Solution File, Format Version 12.00
# Visual Studio Version 17
VisualStudioVersion = 17.5.002.0
MinimumVisualStudioVersion = 10.0.40219.1
Project("{9A19103F-16F7-4668-BE54-9A1E7A4F7556}") = "Develop02", "Develop02.csproj", "{A56D5731-760C-44A8-9165-3AD43A4A959F}"
EndProject
Global
	GlobalSection(SolutionConfigurationPlatforms) = preSolution
		Debug|Any CPU = Debug|Any CPU
		Release|Any CPU = Release|Any CPU
	EndGlobalSection
	GlobalSection(ProjectConfigurationPlatforms) = postSolution
		{A56D5731-760C-44A8-9165-3AD43A4A959F}.Debug|Any CPU.ActiveCfg = Debug|Any CPU
		{A56D5731-760C-44A8-9165-3AD43A4A959F}.Debug|Any CPU.Build.0 = Debug|Any CPU
		{A56D5731-760C-44A8-9165-3AD43A4A959F}.Release|Any CPU.ActiveCfg = Release|Any CPU
		{A56D5731-760C-44A8-9165-3AD43A4A959F}.Release|Any CPU.Build.0 = Release|Any CPU
	EndGlobalSection
	GlobalSection(SolutionProperties) = preSolution
		HideSolutionNode = FALSE
	EndGlobalSection
	GlobalSection(ExtensibilityGlobals) = postSolution
		SolutionGuid = {358A909E-6119-43F4-BD56-9F2E18F9F714}
	EndGlobalSection
EndGlobal
