
Microsoft Visual Studio Solution File, Format Version 12.00
# Visual Studio Version 17
VisualStudioVersion = 17.5.002.0
MinimumVisualStudioVersion = 10.0.40219.1
Project("{9A19103F-16F7-4668-BE54-9A1E7A4F7556}") = "Foundation3", "Foundation3.csproj", "{F67E1F60-A69D-4FA1-B5F2-9C667185D6CE}"
EndProject
Global
	GlobalSection(SolutionConfigurationPlatforms) = preSolution
		Debug|Any CPU = Debug|Any CPU
		Release|Any CPU = Release|Any CPU
	EndGlobalSection
	GlobalSection(ProjectConfigurationPlatforms) = postSolution
		{F67E1F60-A69D-4FA1-B5F2-9C667185D6CE}.Debug|Any CPU.ActiveCfg = Debug|Any CPU
		{F67E1F60-A69D-4FA1-B5F2-9C667185D6CE}.Debug|Any CPU.Build.0 = Debug|Any CPU
		{F67E1F60-A69D-4FA1-B5F2-9C667185D6CE}.Release|Any CPU.ActiveCfg = Release|Any CPU
		{F67E1F60-A69D-4FA1-B5F2-9C667185D6CE}.Release|Any CPU.Build.0 = Release|Any CPU
	EndGlobalSection
	GlobalSection(SolutionProperties) = preSolution
		HideSolutionNode = FALSE
	EndGlobalSection
	GlobalSection(ExtensibilityGlobals) = postSolution
		SolutionGuid = {1658A259-5403-4991-AE5F-E4DEEA55AD5D}
	EndGlobalSection
EndGlobal
